{
    "_meta": {
        "hash": {
            "sha256": "c7aa440413d9c366962c1b51c16c195698d066e948d304ed2679c9e857d39eda"
        },
        "pipfile-spec": 6,
        "requires": {
            "python_version": "3.7"
        },
        "sources": [
            {
                "name": "pypi",
                "url": "https://pypi.org/simple",
                "verify_ssl": true
            }
        ]
    },
    "default": {
        "django": {
            "hashes": [
                "sha256:0eaca08f236bf502a9773e53623f766cc3ceee6453cc41e6de1c8b80f07d2364",
                "sha256:c9c994f5e0a032cbd45089798b52e4080f4dea7241c58e3e0636c54146480bb4"
            ],
            "index": "pypi",
            "version": "==2.2.18"
        },
        "django-bootstrap-form": {
            "hashes": [
                "sha256:de3f7893e515352834d446c441c0cb861637f92cebbe59d8229469c6cd3dc640"
            ],
            "index": "pypi",
            "version": "==3.4"
        },
        "djangorestframework": {
            "hashes": [
                "sha256:05809fc66e1c997fd9a32ea5730d9f4ba28b109b9da71fccfa5ff241201fd0a4",
                "sha256:e782087823c47a26826ee5b6fa0c542968219263fb3976ec3c31edab23a4001f"
            ],
            "index": "pypi",
            "version": "==3.11.0"
        },
        "html5lib": {
            "hashes": [
                "sha256:0d78f8fde1c230e99fe37986a60526d7049ed4bf8a9fadbad5f00e22e58e041d",
                "sha256:b2e5b40261e20f354d198eae92afc10d750afb487ed5e50f9c4eaf07c184146f"
            ],
            "version": "==1.1"
        },
        "pillow": {
            "hashes": [
                "sha256:15306d71a1e96d7e271fd2a0737038b5a92ca2978d2e38b6ced7966583e3d5af",
                "sha256:1940fc4d361f9cc7e558d6f56ff38d7351b53052fd7911f4b60cd7bc091ea3b1",
                "sha256:1f93f2fe211f1ef75e6f589327f4d4f8545d5c8e826231b042b483d8383e8a7c",
                "sha256:30d33a1a6400132e6f521640dd3f64578ac9bfb79a619416d7e8802b4ce1dd55",
                "sha256:328240f7dddf77783e72d5ed79899a6b48bc6681f8d1f6001f55933cb4905060",
                "sha256:46c2bcf8e1e75d154e78417b3e3c64e96def738c2a25435e74909e127a8cba5e",
                "sha256:5762ebb4436f46b566fc6351d67a9b5386b5e5de4e58fdaa18a1c83e0e20f1a8",
                "sha256:5a2d957eb4aba9d48170b8fe6538ec1fbc2119ffe6373782c03d8acad3323f2e",
                "sha256:5cf03b9534aca63b192856aa601c68d0764810857786ea5da652581f3a44c2b0",
                "sha256:5daba2b40782c1c5157a788ec4454067c6616f5a0c1b70e26ac326a880c2d328",
                "sha256:63cd413ac52ee3f67057223d363f4f82ce966e64906aea046daf46695e3c8238",
                "sha256:6efac40344d8f668b6c4533ae02a48d52fd852ef0654cc6f19f6ac146399c733",
                "sha256:71b01ee69e7df527439d7752a2ce8fb89e19a32df484a308eca3e81f673d3a03",
                "sha256:71f31ee4df3d5e0b366dd362007740106d3210fb6a56ec4b581a5324ba254f06",
                "sha256:72027ebf682abc9bafd93b43edc44279f641e8996fb2945104471419113cfc71",
                "sha256:74cd9aa648ed6dd25e572453eb09b08817a1e3d9f8d1bd4d8403d99e42ea790b",
                "sha256:81b3716cc9744ffdf76b39afb6247eae754186838cedad0b0ac63b2571253fe6",
                "sha256:8565355a29655b28fdc2c666fd9a3890fe5edc6639d128814fafecfae2d70910",
                "sha256:87f42c976f91ca2fc21a3293e25bd3cd895918597db1b95b93cbd949f7d019ce",
                "sha256:89e4c757a91b8c55d97c91fa09c69b3677c227b942fa749e9a66eef602f59c28",
                "sha256:8c4e32218c764bc27fe49b7328195579581aa419920edcc321c4cb877c65258d",
                "sha256:903293320efe2466c1ab3509a33d6b866dc850cfd0c5d9cc92632014cec185fb",
                "sha256:90882c6f084ef68b71bba190209a734bf90abb82ab5e8f64444c71d5974008c6",
                "sha256:98afcac3205d31ab6a10c5006b0cf040d0026a68ec051edd3517b776c1d78b09",
                "sha256:a01da2c266d9868c4f91a9c6faf47a251f23b9a862dce81d2ff583135206f5be",
                "sha256:aeab4cd016e11e7aa5cfc49dcff8e51561fa64818a0be86efa82c7038e9369d0",
                "sha256:b07c660e014852d98a00a91adfbe25033898a9d90a8f39beb2437d22a203fc44",
                "sha256:bead24c0ae3f1f6afcb915a057943ccf65fc755d11a1410a909c1fefb6c06ad1",
                "sha256:d1d6bca39bb6dd94fba23cdb3eeaea5e30c7717c5343004d900e2a63b132c341",
                "sha256:e2cd8ac157c1e5ae88b6dd790648ee5d2777e76f1e5c7d184eaddb2938594f34",
                "sha256:e5739ae63636a52b706a0facec77b2b58e485637e1638202556156e424a02dc2",
                "sha256:f36c3ff63d6fc509ce599a2f5b0d0732189eed653420e7294c039d342c6e204a",
                "sha256:f91b50ad88048d795c0ad004abbe1390aa1882073b1dca10bfd55d0b8cf18ec5"
            ],
            "version": "==8.1.2"
        },
        "pypdf2": {
            "hashes": [
                "sha256:e28f902f2f0a1603ea95ebe21dff311ef09be3d0f0ef29a3e44a932729564385"
            ],
            "version": "==1.26.0"
        },
        "pytz": {
            "hashes": [
                "sha256:83a4a90894bf38e243cf052c8b58f381bfe9a7a483f6a9cab140bc7f702ac4da",
                "sha256:eb10ce3e7736052ed3623d49975ce333bcd712c7bb19a58b9e2089d4057d0798"
            ],
            "version": "==2021.1"
        },
        "reportlab": {
            "hashes": [
                "sha256:072da175f9586fd0457242d7eb4ccf8284b65f8c4ec33ec4fa39c511ca2c6e10",
                "sha256:12b1deee658b6a9766e7aca061dfa52c396e984fb328178480ae11ff7717cda4",
                "sha256:28c56f85900bc9632ac6c44f71629a34da3a7da0904a19ecbf69ea7aec976bf3",
                "sha256:2ac6bf19ecc60149895273932910b7cde61bcfc6701326094078eee489265de5",
                "sha256:31feebbfd476201e82aecf750201acb1ea7d3b29217d2e0ca0a297d1189a78af",
                "sha256:330aa2b493c9a42b28c65b5b4c7de4c4f372b1292f082b1a097d56b12e2ba097",
                "sha256:39ae8212a07a18f0e3ee0a3bca6e5a37abac470f934e5a1a117209f989618373",
                "sha256:3af29daf6681fb1c6abbe8a948c6cdf241c7d9bcdce4b881076323e70b44865c",
                "sha256:3d33f934e13263fac098672840f8e0959643b747a516a50792868c3ae7251c37",
                "sha256:3ea95bcfcba08eb4030e3b62efc01ff9e547eea7887311f00685c729cabce038",
                "sha256:45f4aab315f301b4c184f1ee5fb4234fd1388335b191cf827ea977a98b0158dc",
                "sha256:497c8d56d2f98561b78d9e21d9a2a39ab9e2dd81db699f1cddcba744ba455330",
                "sha256:4f4463f1591cf66996a292835f04a521470cf9a479724017a9227125f49f7492",
                "sha256:553658b979b3e8dd662cd8c37d1955cc832b2c000f4cb6d076d8401d771dd85f",
                "sha256:5a8430eed5fc7d15c868fdf5673c94440710e7d1a77ea5bbd4f634e3e6fb5f9c",
                "sha256:5cc32b8ce94c9345fe59af2cbf47edb1c1615304b67f522957666485f87694f7",
                "sha256:5d851a20981e6ea29b643e59807997ca96ceeded4bf431ba9618171d8e383091",
                "sha256:64f7cfa75b9b9a1eebf2a3fe5667a01953e1cb8946b0d14f165b9381ec2fdbaf",
                "sha256:650ec96cc3cb86ae27987db5d36abe530ef45ec67032c4633c776dd3ab016ca4",
                "sha256:6771e0875203d130f1f9c9c04f26084178cb4720552580af8b393cf70c4943a5",
                "sha256:67f5b94ba44a4e764974b0ee9d2f574c593c11ec1cb19aedd17a1bebc35a597e",
                "sha256:6d6815a925c071a0b887c968d39527e9b3db962a151d2aabdd954beafd4431ad",
                "sha256:6e6e3041b742a73c71c0dc49875524338998cbf6a498077e40d4589f8448f3ed",
                "sha256:6fb58a2fdc725a601d225f377b3e1cc3837f8f560cc6c2ceeb8028010031fd65",
                "sha256:7c36e52452147e64a48a05ac56340b45aa3f0c64f2b2e38145ea15190c369621",
                "sha256:8194698254932234a1164694a5b8c84d8010db6ff71a8985c6133d21ed9767ea",
                "sha256:9c21f202697a6cea57b9d716288fc919d99cbabeb30222eebfc7ff77eac32744",
                "sha256:9ffbdbac35c084c2026c4d978498017b5433a61adfe6c1e500c506d38707b39c",
                "sha256:ab6acd99073081d708339e26475e93fe48139233a2ab7f43fc54560e1e00155a",
                "sha256:bd1c855249f5508a50e3ddc7b4e957e4a537597bd41e66e71bdc027bbcfa7534",
                "sha256:c14de6b939ad2ea63e4149e3e4eae1089e20afae1ef805345f73193f25ac9e5f",
                "sha256:cb24edd3e659c783abee1162559cc2a94537974fc73d73da7e3a7021b1ab9803",
                "sha256:d144680292a868cbfe02db25eecbf53623af02e42ff05822439f1434156e7863",
                "sha256:db5c44a77f10357f5c2c25545b7fbc009616274f9ac1876b00398693d0fc4324",
                "sha256:e326b2d48ccaf17322f86c23cd78900e50facf27b93ce50e4a2902a5f31ac343",
                "sha256:e6c3fc2866b853b6b9d4b5d79cfff89c5687fc70a155a05dcfdd278747d441db",
                "sha256:ef817701f45bb6974cfc0a488fd9a76c4190948c456234490174d1f2112b0a2c",
                "sha256:eff08b53ab4fa2adf4b763e56dd1369d6c1cb2a18d3daee7a5f53b25198c0a36",
                "sha256:f18ad0212b7204f5fae37682ec4760a11e1130c294294cfcd900d202d90ed9d9",
                "sha256:f7e4e8adc959dd65e127ae0865fb278d40b34ee2ae8e41e2c5fa8dc83cea273b"
            ],
            "index": "pypi",
            "version": "==3.5.42"
        },
        "six": {
            "hashes": [
                "sha256:30639c035cdb23534cd4aa2dd52c3bf48f06e5f4a941509c8bafd8ce11080259",
                "sha256:8b74bedcbbbaca38ff6d7491d76f2b06b3592611af620f8426e82dddb04a5ced"
            ],
            "version": "==1.15.0"
        },
        "sqlparse": {
            "hashes": [
                "sha256:017cde379adbd6a1f15a61873f43e8274179378e95ef3fede90b5aa64d304ed0",
                "sha256:0f91fd2e829c44362cbcfab3e9ae12e22badaa8a29ad5ff599f9ec109f0454e8"
            ],
            "version": "==0.4.1"
        },
        "webencodings": {
            "hashes": [
                "sha256:a0af1213f3c2226497a97e2b3aa01a7e4bee4f403f95be16fc9acd2947514a78",
                "sha256:b36a1c245f2d304965eb4e0a82848379241dc04b865afcc4aab16748587e1923"
            ],
            "version": "==0.5.1"
        },
        "xhtml2pdf": {
            "hashes": [
                "sha256:6793fbbdcb6bb8a4a70132966d8d95e95ea3498cdf0e82252d2b8e9aae34fcb5"
            ],
            "index": "pypi",
            "version": "==0.2.4"
        },
        "xlwt": {
            "hashes": [
                "sha256:a082260524678ba48a297d922cc385f58278b8aa68741596a87de01a9c628b2e",
                "sha256:c59912717a9b28f1a3c2a98fd60741014b06b043936dcecbc113eaaada156c88"
            ],
            "index": "pypi",
            "version": "==1.3.0"
        }
    },
    "develop": {}
}
