{
    "_meta": {
        "hash": {
            "sha256": "75862c77cf1deb922ca69d58cc709a5b60d90ded9feb12105e61b35b9434a244"
        },
        "pipfile-spec": 6,
        "requires": {
            "python_version": "3.7"
        },
        "sources": [
            {
                "name": "pypi",
                "url": "https://pypi.org/simple",
                "verify_ssl": true
            }
        ]
    },
    "default": {
        "django": {
            "hashes": [
                "sha256:1ee37046b0bf2b61e83b3a01d067323516ec3b6f2b17cd49b1326dd4ba9dc913",
                "sha256:90763c764738586b11d7e1f44828032c153366e43ad7f782908193a1bb2d6d92"
            ],
            "index": "pypi",
            "version": "==2.2.27"
        },
        "django-bootstrap-form": {
            "hashes": [
                "sha256:de3f7893e515352834d446c441c0cb861637f92cebbe59d8229469c6cd3dc640"
            ],
            "index": "pypi",
            "version": "==3.4"
        },
        "djangorestframework": {
            "hashes": [
                "sha256:5cc724dc4b076463497837269107e1995b1fbc917468d1b92d188fd1af9ea789",
                "sha256:a5967b68a04e0d97d10f4df228e30f5a2d82ba63b9d03e1759f84993b7bf1b53"
            ],
            "index": "pypi",
            "version": "==3.11.2"
        },
        "html5lib": {
            "hashes": [
                "sha256:0d78f8fde1c230e99fe37986a60526d7049ed4bf8a9fadbad5f00e22e58e041d",
                "sha256:b2e5b40261e20f354d198eae92afc10d750afb487ed5e50f9c4eaf07c184146f"
            ],
            "markers": "python_version >= '2.7' and python_version not in '3.0, 3.1, 3.2, 3.3, 3.4'",
            "version": "==1.1"
        },
        "pillow": {
            "hashes": [
                "sha256:011233e0c42a4a7836498e98c1acf5e744c96a67dd5032a6f666cc1fb97eab97",
                "sha256:0f29d831e2151e0b7b39981756d201f7108d3d215896212ffe2e992d06bfe049",
                "sha256:12875d118f21cf35604176872447cdb57b07126750a33748bac15e77f90f1f9c",
                "sha256:14d4b1341ac07ae07eb2cc682f459bec932a380c3b122f5540432d8977e64eae",
                "sha256:1c3c33ac69cf059bbb9d1a71eeaba76781b450bc307e2291f8a4764d779a6b28",
                "sha256:1d19397351f73a88904ad1aee421e800fe4bbcd1aeee6435fb62d0a05ccd1030",
                "sha256:253e8a302a96df6927310a9d44e6103055e8fb96a6822f8b7f514bb7ef77de56",
                "sha256:2632d0f846b7c7600edf53c48f8f9f1e13e62f66a6dbc15191029d950bfed976",
                "sha256:335ace1a22325395c4ea88e00ba3dc89ca029bd66bd5a3c382d53e44f0ccd77e",
                "sha256:413ce0bbf9fc6278b2d63309dfeefe452835e1c78398efb431bab0672fe9274e",
                "sha256:5100b45a4638e3c00e4d2320d3193bdabb2d75e79793af7c3eb139e4f569f16f",
                "sha256:514ceac913076feefbeaf89771fd6febde78b0c4c1b23aaeab082c41c694e81b",
                "sha256:528a2a692c65dd5cafc130de286030af251d2ee0483a5bf50c9348aefe834e8a",
                "sha256:6295f6763749b89c994fcb6d8a7f7ce03c3992e695f89f00b741b4580b199b7e",
                "sha256:6c8bc8238a7dfdaf7a75f5ec5a663f4173f8c367e5a39f87e720495e1eed75fa",
                "sha256:718856856ba31f14f13ba885ff13874be7fefc53984d2832458f12c38205f7f7",
                "sha256:7f7609a718b177bf171ac93cea9fd2ddc0e03e84d8fa4e887bdfc39671d46b00",
                "sha256:80ca33961ced9c63358056bd08403ff866512038883e74f3a4bf88ad3eb66838",
                "sha256:80fe64a6deb6fcfdf7b8386f2cf216d329be6f2781f7d90304351811fb591360",
                "sha256:81c4b81611e3a3cb30e59b0cf05b888c675f97e3adb2c8672c3154047980726b",
                "sha256:855c583f268edde09474b081e3ddcd5cf3b20c12f26e0d434e1386cc5d318e7a",
                "sha256:9bfdb82cdfeccec50aad441afc332faf8606dfa5e8efd18a6692b5d6e79f00fd",
                "sha256:a5d24e1d674dd9d72c66ad3ea9131322819ff86250b30dc5821cbafcfa0b96b4",
                "sha256:a9f44cd7e162ac6191491d7249cceb02b8116b0f7e847ee33f739d7cb1ea1f70",
                "sha256:b5b3f092fe345c03bca1e0b687dfbb39364b21ebb8ba90e3fa707374b7915204",
                "sha256:b9618823bd237c0d2575283f2939655f54d51b4527ec3972907a927acbcc5bfc",
                "sha256:cef9c85ccbe9bee00909758936ea841ef12035296c748aaceee535969e27d31b",
                "sha256:d21237d0cd37acded35154e29aec853e945950321dd2ffd1a7d86fe686814669",
                "sha256:d3c5c79ab7dfce6d88f1ba639b77e77a17ea33a01b07b99840d6ed08031cb2a7",
                "sha256:d9d7942b624b04b895cb95af03a23407f17646815495ce4547f0e60e0b06f58e",
                "sha256:db6d9fac65bd08cea7f3540b899977c6dee9edad959fa4eaf305940d9cbd861c",
                "sha256:ede5af4a2702444a832a800b8eb7f0a7a1c0eed55b644642e049c98d589e5092",
                "sha256:effb7749713d5317478bb3acb3f81d9d7c7f86726d41c1facca068a04cf5bb4c",
                "sha256:f154d173286a5d1863637a7dcd8c3437bb557520b01bddb0be0258dcb72696b5",
                "sha256:f25ed6e28ddf50de7e7ea99d7a976d6a9c415f03adcaac9c41ff6ff41b6d86ac"
            ],
            "markers": "python_version >= '3.7'",
            "version": "==9.0.1"
        },
        "pypdf2": {
            "hashes": [
                "sha256:e28f902f2f0a1603ea95ebe21dff311ef09be3d0f0ef29a3e44a932729564385"
            ],
            "version": "==1.26.0"
        },
        "pytz": {
            "hashes": [
                "sha256:3672058bc3453457b622aab7a1c3bfd5ab0bdae451512f6cf25f64ed37f5b87c",
                "sha256:acad2d8b20a1af07d4e4c9d2e9285c5ed9104354062f275f3fcd88dcef4f1326"
            ],
            "version": "==2021.3"
        },
        "reportlab": {
            "hashes": [
                "sha256:072da175f9586fd0457242d7eb4ccf8284b65f8c4ec33ec4fa39c511ca2c6e10",
                "sha256:12b1deee658b6a9766e7aca061dfa52c396e984fb328178480ae11ff7717cda4",
                "sha256:28c56f85900bc9632ac6c44f71629a34da3a7da0904a19ecbf69ea7aec976bf3",
                "sha256:2ac6bf19ecc60149895273932910b7cde61bcfc6701326094078eee489265de5",
                "sha256:31feebbfd476201e82aecf750201acb1ea7d3b29217d2e0ca0a297d1189a78af",
                "sha256:330aa2b493c9a42b28c65b5b4c7de4c4f372b1292f082b1a097d56b12e2ba097",
                "sha256:39ae8212a07a18f0e3ee0a3bca6e5a37abac470f934e5a1a117209f989618373",
                "sha256:3af29daf6681fb1c6abbe8a948c6cdf241c7d9bcdce4b881076323e70b44865c",
                "sha256:3d33f934e13263fac098672840f8e0959643b747a516a50792868c3ae7251c37",
                "sha256:3ea95bcfcba08eb4030e3b62efc01ff9e547eea7887311f00685c729cabce038",
                "sha256:45f4aab315f301b4c184f1ee5fb4234fd1388335b191cf827ea977a98b0158dc",
                "sha256:497c8d56d2f98561b78d9e21d9a2a39ab9e2dd81db699f1cddcba744ba455330",
                "sha256:4f4463f1591cf66996a292835f04a521470cf9a479724017a9227125f49f7492",
                "sha256:553658b979b3e8dd662cd8c37d1955cc832b2c000f4cb6d076d8401d771dd85f",
                "sha256:5a8430eed5fc7d15c868fdf5673c94440710e7d1a77ea5bbd4f634e3e6fb5f9c",
                "sha256:5cc32b8ce94c9345fe59af2cbf47edb1c1615304b67f522957666485f87694f7",
                "sha256:5d851a20981e6ea29b643e59807997ca96ceeded4bf431ba9618171d8e383091",
                "sha256:64f7cfa75b9b9a1eebf2a3fe5667a01953e1cb8946b0d14f165b9381ec2fdbaf",
                "sha256:650ec96cc3cb86ae27987db5d36abe530ef45ec67032c4633c776dd3ab016ca4",
                "sha256:6771e0875203d130f1f9c9c04f26084178cb4720552580af8b393cf70c4943a5",
                "sha256:67f5b94ba44a4e764974b0ee9d2f574c593c11ec1cb19aedd17a1bebc35a597e",
                "sha256:6d6815a925c071a0b887c968d39527e9b3db962a151d2aabdd954beafd4431ad",
                "sha256:6e6e3041b742a73c71c0dc49875524338998cbf6a498077e40d4589f8448f3ed",
                "sha256:6fb58a2fdc725a601d225f377b3e1cc3837f8f560cc6c2ceeb8028010031fd65",
                "sha256:7c36e52452147e64a48a05ac56340b45aa3f0c64f2b2e38145ea15190c369621",
                "sha256:8194698254932234a1164694a5b8c84d8010db6ff71a8985c6133d21ed9767ea",
                "sha256:9c21f202697a6cea57b9d716288fc919d99cbabeb30222eebfc7ff77eac32744",
                "sha256:9ffbdbac35c084c2026c4d978498017b5433a61adfe6c1e500c506d38707b39c",
                "sha256:ab6acd99073081d708339e26475e93fe48139233a2ab7f43fc54560e1e00155a",
                "sha256:bd1c855249f5508a50e3ddc7b4e957e4a537597bd41e66e71bdc027bbcfa7534",
                "sha256:c14de6b939ad2ea63e4149e3e4eae1089e20afae1ef805345f73193f25ac9e5f",
                "sha256:cb24edd3e659c783abee1162559cc2a94537974fc73d73da7e3a7021b1ab9803",
                "sha256:d144680292a868cbfe02db25eecbf53623af02e42ff05822439f1434156e7863",
                "sha256:db5c44a77f10357f5c2c25545b7fbc009616274f9ac1876b00398693d0fc4324",
                "sha256:e326b2d48ccaf17322f86c23cd78900e50facf27b93ce50e4a2902a5f31ac343",
                "sha256:e6c3fc2866b853b6b9d4b5d79cfff89c5687fc70a155a05dcfdd278747d441db",
                "sha256:ef817701f45bb6974cfc0a488fd9a76c4190948c456234490174d1f2112b0a2c",
                "sha256:eff08b53ab4fa2adf4b763e56dd1369d6c1cb2a18d3daee7a5f53b25198c0a36",
                "sha256:f18ad0212b7204f5fae37682ec4760a11e1130c294294cfcd900d202d90ed9d9",
                "sha256:f7e4e8adc959dd65e127ae0865fb278d40b34ee2ae8e41e2c5fa8dc83cea273b"
            ],
            "index": "pypi",
            "version": "==3.5.42"
        },
        "six": {
            "hashes": [
                "sha256:1e61c37477a1626458e36f7b1d82aa5c9b094fa4802892072e49de9c60c4c926",
                "sha256:8abb2f1d86890a2dfb989f9a77cfcfd3e47c2a354b01111771326f8aa26e0254"
            ],
            "markers": "python_version >= '2.7' and python_version not in '3.0, 3.1, 3.2, 3.3'",
            "version": "==1.16.0"
        },
        "sqlparse": {
            "hashes": [
                "sha256:0c00730c74263a94e5a9919ade150dfc3b19c574389985446148402998287dae",
                "sha256:48719e356bb8b42991bdbb1e8b83223757b93789c00910a616a071910ca4a64d"
            ],
            "markers": "python_version >= '3.5'",
            "version": "==0.4.2"
        },
        "webencodings": {
            "hashes": [
                "sha256:a0af1213f3c2226497a97e2b3aa01a7e4bee4f403f95be16fc9acd2947514a78",
                "sha256:b36a1c245f2d304965eb4e0a82848379241dc04b865afcc4aab16748587e1923"
            ],
            "version": "==0.5.1"
        },
        "xhtml2pdf": {
            "hashes": [
                "sha256:6793fbbdcb6bb8a4a70132966d8d95e95ea3498cdf0e82252d2b8e9aae34fcb5"
            ],
            "index": "pypi",
            "version": "==0.2.4"
        },
        "xlwt": {
            "hashes": [
                "sha256:a082260524678ba48a297d922cc385f58278b8aa68741596a87de01a9c628b2e",
                "sha256:c59912717a9b28f1a3c2a98fd60741014b06b043936dcecbc113eaaada156c88"
            ],
            "index": "pypi",
            "version": "==1.3.0"
        }
    },
    "develop": {}
}
